
Microsoft Visual Studio Solution File, Format Version 12.00
# Visual Studio Version 17
VisualStudioVersion = 17.8.34525.116
MinimumVisualStudioVersion = 10.0.40219.1
Project("{9A19103F-16F7-4668-BE54-9A1E7A4F7556}") = "Inventory.DataModel", "Enrollment.DataModel\Inventory.DataModel.csproj", "{4E3D78D4-688C-4949-96C7-7C14465C255A}"
EndProject
Project("{9A19103F-16F7-4668-BE54-9A1E7A4F7556}") = "Suppliers.App", "Suppliers.App\Suppliers.App.csproj", "{5B2FBA85-F2D1-4F09-A540-11061B66FF4A}"
EndProject
Global
	GlobalSection(SolutionConfigurationPlatforms) = preSolution
		Debug|Any CPU = Debug|Any CPU
		Release|Any CPU = Release|Any CPU
	EndGlobalSection
	GlobalSection(ProjectConfigurationPlatforms) = postSolution
		{4E3D78D4-688C-4949-96C7-7C14465C255A}.Debug|Any CPU.ActiveCfg = Debug|Any CPU
		{4E3D78D4-688C-4949-96C7-7C14465C255A}.Debug|Any CPU.Build.0 = Debug|Any CPU
		{4E3D78D4-688C-4949-96C7-7C14465C255A}.Release|Any CPU.ActiveCfg = Release|Any CPU
		{4E3D78D4-688C-4949-96C7-7C14465C255A}.Release|Any CPU.Build.0 = Release|Any CPU
		{5B2FBA85-F2D1-4F09-A540-11061B66FF4A}.Debug|Any CPU.ActiveCfg = Debug|Any CPU
		{5B2FBA85-F2D1-4F09-A540-11061B66FF4A}.Debug|Any CPU.Build.0 = Debug|Any CPU
		{5B2FBA85-F2D1-4F09-A540-11061B66FF4A}.Release|Any CPU.ActiveCfg = Release|Any CPU
		{5B2FBA85-F2D1-4F09-A540-11061B66FF4A}.Release|Any CPU.Build.0 = Release|Any CPU
	EndGlobalSection
	GlobalSection(SolutionProperties) = preSolution
		HideSolutionNode = FALSE
	EndGlobalSection
	GlobalSection(ExtensibilityGlobals) = postSolution
		SolutionGuid = {A3BEAD5A-9247-4B72-97D0-B023474407F3}
	EndGlobalSection
EndGlobal
